
Microsoft Visual Studio Solution File, Format Version 12.00
# Visual Studio Version 16
VisualStudioVersion = 16.0.31613.86
MinimumVisualStudioVersion = 10.0.40219.1
Project("{FAE04EC0-301F-11D3-BF4B-00C04F79EFBC}") = "PeopleApp", "PeopleApp.csproj", "{277A16FC-1EA1-45B9-ACF2-DA365FA4DF57}"
EndProject
Global
	GlobalSection(SolutionConfigurationPlatforms) = preSolution
		Debug|Any CPU = Debug|Any CPU
		Release|Any CPU = Release|Any CPU
	EndGlobalSection
	GlobalSection(ProjectConfigurationPlatforms) = postSolution
		{277A16FC-1EA1-45B9-ACF2-DA365FA4DF57}.Debug|Any CPU.ActiveCfg = Debug|Any CPU
		{277A16FC-1EA1-45B9-ACF2-DA365FA4DF57}.Debug|Any CPU.Build.0 = Debug|Any CPU
		{277A16FC-1EA1-45B9-ACF2-DA365FA4DF57}.Release|Any CPU.ActiveCfg = Release|Any CPU
		{277A16FC-1EA1-45B9-ACF2-DA365FA4DF57}.Release|Any CPU.Build.0 = Release|Any CPU
	EndGlobalSection
	GlobalSection(SolutionProperties) = preSolution
		HideSolutionNode = FALSE
	EndGlobalSection
	GlobalSection(ExtensibilityGlobals) = postSolution
		SolutionGuid = {ADC321AF-7BD8-48E6-A49D-04F75D26F248}
	EndGlobalSection
EndGlobal
